
Microsoft Visual Studio Solution File, Format Version 12.00
# Visual Studio Version 16
VisualStudioVersion = 16.0.29926.136
MinimumVisualStudioVersion = 10.0.40219.1
Project("{9A19103F-16F7-4668-BE54-9A1E7A4F7556}") = "TravelAgencyBusinessLogic", "TravelAgencyBusinessLogic\TravelAgencyBusinessLogic.csproj", "{FB18D957-9675-41BC-8941-2B4A60B83D0C}"
EndProject
Project("{9A19103F-16F7-4668-BE54-9A1E7A4F7556}") = "TravelAgencyDatabaseImplement", "TravelAgencyDatabaseImplement\TravelAgencyDatabaseImplement.csproj", "{FA1EAE11-E6BF-4A5B-A808-64D3A24DF6A8}"
EndProject
Project("{FAE04EC0-301F-11D3-BF4B-00C04F79EFBC}") = "TravelAgencyWeb", "TravelAgencyWeb\TravelAgencyWeb.csproj", "{B160B7D5-80AD-46E3-9217-80015DC7DC59}"
EndProject
Global
	GlobalSection(SolutionConfigurationPlatforms) = preSolution
		Debug|Any CPU = Debug|Any CPU
		Release|Any CPU = Release|Any CPU
	EndGlobalSection
	GlobalSection(ProjectConfigurationPlatforms) = postSolution
		{FB18D957-9675-41BC-8941-2B4A60B83D0C}.Debug|Any CPU.ActiveCfg = Debug|Any CPU
		{FB18D957-9675-41BC-8941-2B4A60B83D0C}.Debug|Any CPU.Build.0 = Debug|Any CPU
		{FB18D957-9675-41BC-8941-2B4A60B83D0C}.Release|Any CPU.ActiveCfg = Release|Any CPU
		{FB18D957-9675-41BC-8941-2B4A60B83D0C}.Release|Any CPU.Build.0 = Release|Any CPU
		{FA1EAE11-E6BF-4A5B-A808-64D3A24DF6A8}.Debug|Any CPU.ActiveCfg = Debug|Any CPU
		{FA1EAE11-E6BF-4A5B-A808-64D3A24DF6A8}.Debug|Any CPU.Build.0 = Debug|Any CPU
		{FA1EAE11-E6BF-4A5B-A808-64D3A24DF6A8}.Release|Any CPU.ActiveCfg = Release|Any CPU
		{FA1EAE11-E6BF-4A5B-A808-64D3A24DF6A8}.Release|Any CPU.Build.0 = Release|Any CPU
		{B160B7D5-80AD-46E3-9217-80015DC7DC59}.Debug|Any CPU.ActiveCfg = Debug|Any CPU
		{B160B7D5-80AD-46E3-9217-80015DC7DC59}.Debug|Any CPU.Build.0 = Debug|Any CPU
		{B160B7D5-80AD-46E3-9217-80015DC7DC59}.Release|Any CPU.ActiveCfg = Release|Any CPU
		{B160B7D5-80AD-46E3-9217-80015DC7DC59}.Release|Any CPU.Build.0 = Release|Any CPU
	EndGlobalSection
	GlobalSection(SolutionProperties) = preSolution
		HideSolutionNode = FALSE
	EndGlobalSection
	GlobalSection(ExtensibilityGlobals) = postSolution
		SolutionGuid = {2D7C4D04-C0F8-4398-9AB3-638CC56C309F}
	EndGlobalSection
EndGlobal
